
Microsoft Visual Studio Solution File, Format Version 12.00
# Visual Studio Version 16
VisualStudioVersion = 16.0.29519.181
MinimumVisualStudioVersion = 10.0.40219.1
Project("{FAE04EC0-301F-11D3-BF4B-00C04F79EFBC}") = "ConsoleApp1", "ConsoleApp1\ConsoleApp1.csproj", "{C18ED463-7ED1-45D9-99CA-D9DC987FCC68}"
EndProject
Global
	GlobalSection(SolutionConfigurationPlatforms) = preSolution
		Debug|Any CPU = Debug|Any CPU
		Release|Any CPU = Release|Any CPU
	EndGlobalSection
	GlobalSection(ProjectConfigurationPlatforms) = postSolution
		{C18ED463-7ED1-45D9-99CA-D9DC987FCC68}.Debug|Any CPU.ActiveCfg = Debug|Any CPU
		{C18ED463-7ED1-45D9-99CA-D9DC987FCC68}.Debug|Any CPU.Build.0 = Debug|Any CPU
		{C18ED463-7ED1-45D9-99CA-D9DC987FCC68}.Release|Any CPU.ActiveCfg = Release|Any CPU
		{C18ED463-7ED1-45D9-99CA-D9DC987FCC68}.Release|Any CPU.Build.0 = Release|Any CPU
	EndGlobalSection
	GlobalSection(SolutionProperties) = preSolution
		HideSolutionNode = FALSE
	EndGlobalSection
	GlobalSection(ExtensibilityGlobals) = postSolution
		SolutionGuid = {EE8572A1-504C-4FF4-8DA6-74AB9F348BAB}
	EndGlobalSection
EndGlobal
